Microsoft Visual Studio Solution File, Format Version 11.00
# Visual Studio 2008

Project("{4032F7FF-C966-C062-4B01-C3E40D3BFD7B}") = "BMoCA", "Assembly-CSharp.csproj", "{894B4751-AF73-FA9A-C8E8-7D8273E52867}"
EndProject
Global
	GlobalSection(SolutionConfigurationPlatforms) = preSolution
		Debug|Any CPU = Debug|Any CPU
		Release|Any CPU = Release|Any CPU
	EndGlobalSection
	GlobalSection(ProjectConfigurationPlatforms) = postSolution
		{894B4751-AF73-FA9A-C8E8-7D8273E52867}.Debug|Any CPU.ActiveCfg = Debug|Any CPU
		{894B4751-AF73-FA9A-C8E8-7D8273E52867}.Debug|Any CPU.Build.0 = Debug|Any CPU
		{894B4751-AF73-FA9A-C8E8-7D8273E52867}.Release|Any CPU.ActiveCfg = Release|Any CPU
		{894B4751-AF73-FA9A-C8E8-7D8273E52867}.Release|Any CPU.Build.0 = Release|Any CPU
	EndGlobalSection
	GlobalSection(SolutionProperties) = preSolution
		HideSolutionNode = FALSE
	EndGlobalSection
	GlobalSection(MonoDevelopProperties) = preSolution
		StartupItem = Assembly-CSharp.csproj
	EndGlobalSection
EndGlobal
